// !$*UTF8*$!
{
	archiveVersion = 1;
	classes = {
	};
	objectVersion = 46;
	objects = {

/* Begin PBXBuildFile section */
		F7E9DF4B1C838864007943E5 /* AppDelegate.swift in Sources */ = {isa = PBXBuildFile; fileRef = F7E9DF4A1C838864007943E5 /* AppDelegate.swift */; };
		F7E9DF501C838864007943E5 /* Main.storyboard in Resources */ = {isa = PBXBuildFile; fileRef = F7E9DF4E1C838864007943E5 /* Main.storyboard */; };
		F7E9DF521C838864007943E5 /* Assets.xcassets in Resources */ = {isa = PBXBuildFile; fileRef = F7E9DF511C838864007943E5 /* Assets.xcassets */; };
		F7E9DF551C838864007943E5 /* LaunchScreen.storyboard in Resources */ = {isa = PBXBuildFile; fileRef = F7E9DF531C838864007943E5 /* LaunchScreen.storyboard */; };
		F7E9DF5D1C838AC1007943E5 /* ItemsViewController.swift in Sources */ = {isa = PBXBuildFile; fileRef = F7E9DF5C1C838AC1007943E5 /* ItemsViewController.swift */; };
		F7E9DF5F1C838D3F007943E5 /* Items.swift in Sources */ = {isa = PBXBuildFile; fileRef = F7E9DF5E1C838D3F007943E5 /* Items.swift */; };
		F7E9DF611C839557007943E5 /* ItemStore.swift in Sources */ = {isa = PBXBuildFile; fileRef = F7E9DF601C839557007943E5 /* ItemStore.swift */; };
/* End PBXBuildFile section */

/* Begin PBXFileReference section */
		F7E9DF471C838864007943E5 /* Homepwner.app */ = {isa = PBXFileReference; explicitFileType = wrapper.application; includeInIndex = 0; path = Homepwner.app; sourceTree = BUILT_PRODUCTS_DIR; };
		F7E9DF4A1C838864007943E5 /* AppDelegate.swift */ = {isa = PBXFileReference; lastKnownFileType = sourcecode.swift; path = AppDelegate.swift; sourceTree = "<group>"; };
		F7E9DF4F1C838864007943E5 /* Base */ = {isa = PBXFileReference; lastKnownFileType = file.storyboard; name = Base; path = Base.lproj/Main.storyboard; sourceTree = "<group>"; };
		F7E9DF511C838864007943E5 /* Assets.xcassets */ = {isa = PBXFileReference; lastKnownFileType = folder.assetcatalog; path = Assets.xcassets; sourceTree = "<group>"; };
		F7E9DF541C838864007943E5 /* Base */ = {isa = PBXFileReference; lastKnownFileType = file.storyboard; name = Base; path = Base.lproj/LaunchScreen.storyboard; sourceTree = "<group>"; };
		F7E9DF561C838864007943E5 /* Info.plist */ = {isa = PBXFileReference; lastKnownFileType = text.plist.xml; path = Info.plist; sourceTree = "<group>"; };
		F7E9DF5C1C838AC1007943E5 /* ItemsViewController.swift */ = {isa = PBXFileReference; fileEncoding = 4; lastKnownFileType = sourcecode.swift; lineEnding = 0; path = ItemsViewController.swift; sourceTree = "<group>"; };
		F7E9DF5E1C838D3F007943E5 /* Items.swift */ = {isa = PBXFileReference; fileEncoding = 4; lastKnownFileType = sourcecode.swift; path = Items.swift; sourceTree = "<group>"; };
		F7E9DF601C839557007943E5 /* ItemStore.swift */ = {isa = PBXFileReference; fileEncoding = 4; lastKnownFileType = sourcecode.swift; path = ItemStore.swift; sourceTree = "<group>"; };
/* End PBXFileReference section */

/* Begin PBXFrameworksBuildPhase section */
		F7E9DF441C838864007943E5 /* Frameworks */ = {
			isa = PBXFrameworksBuildPhase;
			buildActionMask = 2147483647;
			files = (
			);
			runOnlyForDeploymentPostprocessing = 0;
		};
/* End PBXFrameworksBuildPhase section */

/* Begin PBXGroup section */
		F7E9DF3E1C838864007943E5 = {
			isa = PBXGroup;
			children = (
				F7E9DF491C838864007943E5 /* Homepwner */,
				F7E9DF481C838864007943E5 /* Products */,
			);
			sourceTree = "<group>";
		};
		F7E9DF481C838864007943E5 /* Products */ = {
			isa = PBXGroup;
			children = (
				F7E9DF471C838864007943E5 /* Homepwner.app */,
			);
			name = Products;
			sourceTree = "<group>";
		};
		F7E9DF491C838864007943E5 /* Homepwner */ = {
			isa = PBXGroup;
			children = (
				F7E9DF4A1C838864007943E5 /* AppDelegate.swift */,
				F7E9DF4E1C838864007943E5 /* Main.storyboard */,
				F7E9DF511C838864007943E5 /* Assets.xcassets */,
				F7E9DF531C838864007943E5 /* LaunchScreen.storyboard */,
				F7E9DF5C1C838AC1007943E5 /* ItemsViewController.swift */,
				F7E9DF5E1C838D3F007943E5 /* Items.swift */,
				F7E9DF601C839557007943E5 /* ItemStore.swift */,
				F7E9DF561C838864007943E5 /* Info.plist */,
			);
			path = Homepwner;
			sourceTree = "<group>";
		};
/* End PBXGroup section */

/* Begin PBXNativeTarget section */
		F7E9DF461C838864007943E5 /* Homepwner */ = {
			isa = PBXNativeTarget;
			buildConfigurationList = F7E9DF591C838864007943E5 /* Build configuration list for PBXNativeTarget "Homepwner" */;
			buildPhases = (
				F7E9DF431C838864007943E5 /* Sources */,
				F7E9DF441C838864007943E5 /* Frameworks */,
				F7E9DF451C838864007943E5 /* Resources */,
			);
			buildRules = (
			);
			dependencies = (
			);
			name = Homepwner;
			productName = Homepwner;
			productReference = F7E9DF471C838864007943E5 /* Homepwner.app */;
			productType = "com.apple.product-type.application";
		};
/* End PBXNativeTarget section */

/* Begin PBXProject section */
		F7E9DF3F1C838864007943E5 /* Project object */ = {
			isa = PBXProject;
			attributes = {
				LastSwiftUpdateCheck = 0720;
				LastUpgradeCheck = 0720;
				ORGANIZATIONNAME = "Big Nerd Ranch";
				TargetAttributes = {
					F7E9DF461C838864007943E5 = {
						CreatedOnToolsVersion = 7.2;
						DevelopmentTeam = R47H959XW8;
					};
				};
			};
			buildConfigurationList = F7E9DF421C838864007943E5 /* Build configuration list for PBXProject "Homepwner" */;
			compatibilityVersion = "Xcode 3.2";
			developmentRegion = English;
			hasScannedForEncodings = 0;
			knownRegions = (
				en,
				Base,
			);
			mainGroup = F7E9DF3E1C838864007943E5;
			productRefGroup = F7E9DF481C838864007943E5 /* Products */;
			projectDirPath = "";
			projectRoot = "";
			targets = (
				F7E9DF461C838864007943E5 /* Homepwner */,
			);
		};
/* End PBXProject section */

/* Begin PBXResourcesBuildPhase section */
		F7E9DF451C838864007943E5 /* Resources */ = {
			isa = PBXResourcesBuildPhase;
			buildActionMask = 2147483647;
			files = (
				F7E9DF551C838864007943E5 /* LaunchScreen.storyboard in Resources */,
				F7E9DF521C838864007943E5 /* Assets.xcassets in Resources */,
				F7E9DF501C838864007943E5 /* Main.storyboard in Resources */,
			);
			runOnlyForDeploymentPostprocessing = 0;
		};
/* End PBXResourcesBuildPhase section */

/* Begin PBXSourcesBuildPhase section */
		F7E9DF431C838864007943E5 /* Sources */ = {
			isa = PBXSourcesBuildPhase;
			buildActionMask = 2147483647;
			files = (
				F7E9DF5D1C838AC1007943E5 /* ItemsViewController.swift in Sources */,
				F7E9DF5F1C838D3F007943E5 /* Items.swift in Sources */,
				F7E9DF611C839557007943E5 /* ItemStore.swift in Sources */,
				F7E9DF4B1C838864007943E5 /* AppDelegate.swift in Sources */,
			);
			runOnlyForDeploymentPostprocessing = 0;
		};
/* End PBXSourcesBuildPhase section */

/* Begin PBXVariantGroup section */
		F7E9DF4E1C838864007943E5 /* Main.storyboard */ = {
			isa = PBXVariantGroup;
			children = (
				F7E9DF4F1C838864007943E5 /* Base */,
			);
			name = Main.storyboard;
			sourceTree = "<group>";
		};
		F7E9DF531C838864007943E5 /* LaunchScreen.storyboard */ = {
			isa = PBXVariantGroup;
			children = (
				F7E9DF541C838864007943E5 /* Base */,
			);
			name = LaunchScreen.storyboard;
			sourceTree = "<group>";
		};
/* End PBXVariantGroup section */

/* Begin XCBuildConfiguration section */
		F7E9DF571C838864007943E5 /* Debug */ = {
			isa = XCBuildConfiguration;
			buildSettings = {
				ALWAYS_SEARCH_USER_PATHS = NO;
				CLANG_CXX_LANGUAGE_STANDARD = "gnu++0x";
				CLANG_CXX_LIBRARY = "libc++";
				CLANG_ENABLE_MODULES = YES;
				CLANG_ENABLE_OBJC_ARC = YES;
				CLANG_WARN_BOOL_CONVERSION = YES;
				CLANG_WARN_CONSTANT_CONVERSION = YES;
				CLANG_WARN_DIRECT_OBJC_ISA_USAGE = YES_ERROR;
				CLANG_WARN_EMPTY_BODY = YES;
				CLANG_WARN_ENUM_CONVERSION = YES;
				CLANG_WARN_INT_CONVERSION = YES;
				CLANG_WARN_OBJC_ROOT_CLASS = YES_ERROR;
				CLANG_WARN_UNREACHABLE_CODE = YES;
				CLANG_WARN__DUPLICATE_METHOD_MATCH = YES;
				"CODE_SIGN_IDENTITY[sdk=iphoneos*]" = "iPhone Developer";
				COPY_PHASE_STRIP = NO;
				DEBUG_INFORMATION_FORMAT = dwarf;
				ENABLE_STRICT_OBJC_MSGSEND = YES;
				ENABLE_TESTABILITY = YES;
				GCC_C_LANGUAGE_STANDARD = gnu99;
				GCC_DYNAMIC_NO_PIC = NO;
				GCC_NO_COMMON_BLOCKS = YES;
				GCC_OPTIMIZATION_LEVEL = 0;
				GCC_PREPROCESSOR_DEFINITIONS = (
					"DEBUG=1",
					"$(inherited)",
				);
				GCC_WARN_64_TO_32_BIT_CONVERSION = YES;
				GCC_WARN_ABOUT_RETURN_TYPE = YES_ERROR;
				GCC_WARN_UNDECLARED_SELECTOR = YES;
				GCC_WARN_UNINITIALIZED_AUTOS = YES_AGGRESSIVE;
				GCC_WARN_UNUSED_FUNCTION = YES;
				GCC_WARN_UNUSED_VARIABLE = YES;
				IPHONEOS_DEPLOYMENT_TARGET = 9.2;
				MTL_ENABLE_DEBUG_INFO = YES;
				ONLY_ACTIVE_ARCH = YES;
				SDKROOT = iphoneos;
				SWIFT_OPTIMIZATION_LEVEL = "-Onone";
			};
			name = Debug;
		};
		F7E9DF581C838864007943E5 /* Release */ = {
			isa = XCBuildConfiguration;
			buildSettings = {
				ALWAYS_SEARCH_USER_PATHS = NO;
				CLANG_CXX_LANGUAGE_STANDARD = "gnu++0x";
				CLANG_CXX_LIBRARY = "libc++";
				CLANG_ENABLE_MODULES = YES;
				CLANG_ENABLE_OBJC_ARC = YES;
				CLANG_WARN_BOOL_CONVERSION = YES;
				CLANG_WARN_CONSTANT_CONVERSION = YES;
				CLANG_WARN_DIRECT_OBJC_ISA_USAGE = YES_ERROR;
				CLANG_WARN_EMPTY_BODY = YES;
				CLANG_WARN_ENUM_CONVERSION = YES;
				CLANG_WARN_INT_CONVERSION = YES;
				CLANG_WARN_OBJC_ROOT_CLASS = YES_ERROR;
				CLANG_WARN_UNREACHABLE_CODE = YES;
				CLANG_WARN__DUPLICATE_METHOD_MATCH = YES;
				"CODE_SIGN_IDENTITY[sdk=iphoneos*]" = "iPhone Developer";
				COPY_PHASE_STRIP = NO;
				DEBUG_INFORMATION_FORMAT = "dwarf-with-dsym";
				ENABLE_NS_ASSERTIONS = NO;
				ENABLE_STRICT_OBJC_MSGSEND = YES;
				GCC_C_LANGUAGE_STANDARD = gnu99;
				GCC_NO_COMMON_BLOCKS = YES;
				GCC_WARN_64_TO_32_BIT_CONVERSION = YES;
				GCC_WARN_ABOUT_RETURN_TYPE = YES_ERROR;
				GCC_WARN_UNDECLARED_SELECTOR = YES;
				GCC_WARN_UNINITIALIZED_AUTOS = YES_AGGRESSIVE;
				GCC_WARN_UNUSED_FUNCTION = YES;
				GCC_WARN_UNUSED_VARIABLE = YES;
				IPHONEOS_DEPLOYMENT_TARGET = 9.2;
				MTL_ENABLE_DEBUG_INFO = NO;
				SDKROOT = iphoneos;
				VALIDATE_PRODUCT = YES;
			};
			name = Release;
		};
		F7E9DF5A1C838864007943E5 /* Debug */ = {
			isa = XCBuildConfiguration;
			buildSettings = {
				ASSETCATALOG_COMPILER_APPICON_NAME = AppIcon;
				CODE_SIGN_IDENTITY = "iPhone Developer";
				"CODE_SIGN_IDENTITY[sdk=iphoneos*]" = "iPhone Developer";
				INFOPLIST_FILE = Homepwner/Info.plist;
				LD_RUNPATH_SEARCH_PATHS = "$(inherited) @executable_path/Frameworks";
				PRODUCT_BUNDLE_IDENTIFIER = com.bignerdranch.Homepwner;
				PRODUCT_NAME = "$(TARGET_NAME)";
				PROVISIONING_PROFILE = "";
			};
			name = Debug;
		};
		F7E9DF5B1C838864007943E5 /* Release */ = {
			isa = XCBuildConfiguration;
			buildSettings = {
				ASSETCATALOG_COMPILER_APPICON_NAME = AppIcon;
				CODE_SIGN_IDENTITY = "iPhone Developer";
				"CODE_SIGN_IDENTITY[sdk=iphoneos*]" = "iPhone Developer";
				INFOPLIST_FILE = Homepwner/Info.plist;
				LD_RUNPATH_SEARCH_PATHS = "$(inherited) @executable_path/Frameworks";
				PRODUCT_BUNDLE_IDENTIFIER = com.bignerdranch.Homepwner;
				PRODUCT_NAME = "$(TARGET_NAME)";
				PROVISIONING_PROFILE = "";
			};
			name = Release;
		};
/* End XCBuildConfiguration section */

/* Begin XCConfigurationList section */
		F7E9DF421C838864007943E5 /* Build configuration list for PBXProject "Homepwner" */ = {
			isa = XCConfigurationList;
			buildConfigurations = (
				F7E9DF571C838864007943E5 /* Debug */,
				F7E9DF581C838864007943E5 /* Release */,
			);
			defaultConfigurationIsVisible = 0;
			defaultConfigurationName = Release;
		};
		F7E9DF591C838864007943E5 /* Build configuration list for PBXNativeTarget "Homepwner" */ = {
			isa = XCConfigurationList;
			buildConfigurations = (
				F7E9DF5A1C838864007943E5 /* Debug */,
				F7E9DF5B1C838864007943E5 /* Release */,
			);
			defaultConfigurationIsVisible = 0;
			defaultConfigurationName = Release;
		};
/* End XCConfigurationList section */
	};
	rootObject = F7E9DF3F1C838864007943E5 /* Project object */;
}
